
Microsoft Visual Studio Solution File, Format Version 12.00
# Visual Studio Version 17
VisualStudioVersion = 17.11.35303.130
MinimumVisualStudioVersion = 10.0.40219.1
Project("{9A19103F-16F7-4668-BE54-9A1E7A4F7556}") = "ToDoApp.Api", "ToDoApp.Api\ToDoApp.Api.csproj", "{93FCE572-D8E3-44B6-8C43-AF0550BFC233}"
EndProject
Project("{9A19103F-16F7-4668-BE54-9A1E7A4F7556}") = "ToDoApp.Data", "ToDoApp.Data\ToDoApp.Data.csproj", "{4E64CA4C-7213-45BA-943A-6FA4B6D7EBCD}"
EndProject
Project("{9A19103F-16F7-4668-BE54-9A1E7A4F7556}") = "ToDoApp.Core", "ToDoApp.Core\ToDoApp.Core.csproj", "{DC73F47D-26FC-484B-AD1E-70284EAEE0E2}"
EndProject
Project("{54A90642-561A-4BB1-A94E-469ADEE60C69}") = "ToDoApp.WebClient", "ToDoApp.WebClient\ToDoApp.WebClient.esproj", "{474CD40A-E9B5-4A88-8B74-64319F797F0D}"
EndProject
Project("{2150E333-8FDC-42A3-9474-1A3956D46DE8}") = "Solution Items", "Solution Items", "{91288BA9-4C74-4E60-B1F9-5392CBC96DE2}"
	ProjectSection(SolutionItems) = preProject
		docker-compose.yml = docker-compose.yml
	EndProjectSection
EndProject
Global
	GlobalSection(SolutionConfigurationPlatforms) = preSolution
		Debug|Any CPU = Debug|Any CPU
		Release|Any CPU = Release|Any CPU
	EndGlobalSection
	GlobalSection(ProjectConfigurationPlatforms) = postSolution
		{93FCE572-D8E3-44B6-8C43-AF0550BFC233}.Debug|Any CPU.ActiveCfg = Debug|Any CPU
		{93FCE572-D8E3-44B6-8C43-AF0550BFC233}.Debug|Any CPU.Build.0 = Debug|Any CPU
		{93FCE572-D8E3-44B6-8C43-AF0550BFC233}.Release|Any CPU.ActiveCfg = Release|Any CPU
		{93FCE572-D8E3-44B6-8C43-AF0550BFC233}.Release|Any CPU.Build.0 = Release|Any CPU
		{4E64CA4C-7213-45BA-943A-6FA4B6D7EBCD}.Debug|Any CPU.ActiveCfg = Debug|Any CPU
		{4E64CA4C-7213-45BA-943A-6FA4B6D7EBCD}.Debug|Any CPU.Build.0 = Debug|Any CPU
		{4E64CA4C-7213-45BA-943A-6FA4B6D7EBCD}.Release|Any CPU.ActiveCfg = Release|Any CPU
		{4E64CA4C-7213-45BA-943A-6FA4B6D7EBCD}.Release|Any CPU.Build.0 = Release|Any CPU
		{DC73F47D-26FC-484B-AD1E-70284EAEE0E2}.Debug|Any CPU.ActiveCfg = Debug|Any CPU
		{DC73F47D-26FC-484B-AD1E-70284EAEE0E2}.Debug|Any CPU.Build.0 = Debug|Any CPU
		{DC73F47D-26FC-484B-AD1E-70284EAEE0E2}.Release|Any CPU.ActiveCfg = Release|Any CPU
		{DC73F47D-26FC-484B-AD1E-70284EAEE0E2}.Release|Any CPU.Build.0 = Release|Any CPU
		{474CD40A-E9B5-4A88-8B74-64319F797F0D}.Debug|Any CPU.ActiveCfg = Debug|Any CPU
		{474CD40A-E9B5-4A88-8B74-64319F797F0D}.Debug|Any CPU.Build.0 = Debug|Any CPU
		{474CD40A-E9B5-4A88-8B74-64319F797F0D}.Debug|Any CPU.Deploy.0 = Debug|Any CPU
		{474CD40A-E9B5-4A88-8B74-64319F797F0D}.Release|Any CPU.ActiveCfg = Release|Any CPU
		{474CD40A-E9B5-4A88-8B74-64319F797F0D}.Release|Any CPU.Build.0 = Release|Any CPU
		{474CD40A-E9B5-4A88-8B74-64319F797F0D}.Release|Any CPU.Deploy.0 = Release|Any CPU
	EndGlobalSection
	GlobalSection(SolutionProperties) = preSolution
		HideSolutionNode = FALSE
	EndGlobalSection
	GlobalSection(ExtensibilityGlobals) = postSolution
		SolutionGuid = {56A0BAD8-D86B-45C1-B373-949C8E7FA58D}
	EndGlobalSection
EndGlobal
